// !$*UTF8*$!
{
	archiveVersion = 1;
	classes = {
	};
	objectVersion = 46;
	objects = {

/* Begin PBXBuildFile section */
		71F2E2F71EE93F8E006BF1CB /* main.m in Sources */ = {isa = PBXBuildFile; fileRef = 71F2E2F61EE93F8E006BF1CB /* main.m */; };
		71F2E2FA1EE93F8E006BF1CB /* AppDelegate.m in Sources */ = {isa = PBXBuildFile; fileRef = 71F2E2F91EE93F8E006BF1CB /* AppDelegate.m */; };
		71F2E3031EE93F8E006BF1CB /* Main.storyboard in Resources */ = {isa = PBXBuildFile; fileRef = 71F2E3011EE93F8E006BF1CB /* Main.storyboard */; };
		71F2E3051EE93F8E006BF1CB /* Assets.xcassets in Resources */ = {isa = PBXBuildFile; fileRef = 71F2E3041EE93F8E006BF1CB /* Assets.xcassets */; };
		71F2E3081EE93F8E006BF1CB /* LaunchScreen.storyboard in Resources */ = {isa = PBXBuildFile; fileRef = 71F2E3061EE93F8E006BF1CB /* LaunchScreen.storyboard */; };
		71F2E3141EE93FF6006BF1CB /* UIViewController+Runtime.m in Sources */ = {isa = PBXBuildFile; fileRef = 71F2E3131EE93FF6006BF1CB /* UIViewController+Runtime.m */; };
		71F2E3171EE97A16006BF1CB /* UIControl+TouchEvent.m in Sources */ = {isa = PBXBuildFile; fileRef = 71F2E3161EE97A16006BF1CB /* UIControl+TouchEvent.m */; };
		71F2E31A1EE97C9D006BF1CB /* UIButton+EnlargeEdge.m in Sources */ = {isa = PBXBuildFile; fileRef = 71F2E3191EE97C9D006BF1CB /* UIButton+EnlargeEdge.m */; };
/* End PBXBuildFile section */

/* Begin PBXFileReference section */
		71F2E2F21EE93F8E006BF1CB /* Runtime.app */ = {isa = PBXFileReference; explicitFileType = wrapper.application; includeInIndex = 0; path = Runtime.app; sourceTree = BUILT_PRODUCTS_DIR; };
		71F2E2F61EE93F8E006BF1CB /* main.m */ = {isa = PBXFileReference; lastKnownFileType = sourcecode.c.objc; path = main.m; sourceTree = "<group>"; };
		71F2E2F81EE93F8E006BF1CB /* AppDelegate.h */ = {isa = PBXFileReference; lastKnownFileType = sourcecode.c.h; path = AppDelegate.h; sourceTree = "<group>"; };
		71F2E2F91EE93F8E006BF1CB /* AppDelegate.m */ = {isa = PBXFileReference; lastKnownFileType = sourcecode.c.objc; path = AppDelegate.m; sourceTree = "<group>"; };
		71F2E3021EE93F8E006BF1CB /* Base */ = {isa = PBXFileReference; lastKnownFileType = file.storyboard; name = Base; path = Base.lproj/Main.storyboard; sourceTree = "<group>"; };
		71F2E3041EE93F8E006BF1CB /* Assets.xcassets */ = {isa = PBXFileReference; lastKnownFileType = folder.assetcatalog; path = Assets.xcassets; sourceTree = "<group>"; };
		71F2E3071EE93F8E006BF1CB /* Base */ = {isa = PBXFileReference; lastKnownFileType = file.storyboard; name = Base; path = Base.lproj/LaunchScreen.storyboard; sourceTree = "<group>"; };
		71F2E3091EE93F8E006BF1CB /* Info.plist */ = {isa = PBXFileReference; lastKnownFileType = text.plist.xml; path = Info.plist; sourceTree = "<group>"; };
		71F2E3121EE93FF6006BF1CB /* UIViewController+Runtime.h */ = {isa = PBXFileReference; fileEncoding = 4; lastKnownFileType = sourcecode.c.h; path = "UIViewController+Runtime.h"; sourceTree = "<group>"; };
		71F2E3131EE93FF6006BF1CB /* UIViewController+Runtime.m */ = {isa = PBXFileReference; fileEncoding = 4; lastKnownFileType = sourcecode.c.objc; path = "UIViewController+Runtime.m"; sourceTree = "<group>"; };
		71F2E3151EE97A16006BF1CB /* UIControl+TouchEvent.h */ = {isa = PBXFileReference; fileEncoding = 4; lastKnownFileType = sourcecode.c.h; path = "UIControl+TouchEvent.h"; sourceTree = "<group>"; };
		71F2E3161EE97A16006BF1CB /* UIControl+TouchEvent.m */ = {isa = PBXFileReference; fileEncoding = 4; lastKnownFileType = sourcecode.c.objc; path = "UIControl+TouchEvent.m"; sourceTree = "<group>"; };
		71F2E3181EE97C9D006BF1CB /* UIButton+EnlargeEdge.h */ = {isa = PBXFileReference; fileEncoding = 4; lastKnownFileType = sourcecode.c.h; path = "UIButton+EnlargeEdge.h"; sourceTree = "<group>"; };
		71F2E3191EE97C9D006BF1CB /* UIButton+EnlargeEdge.m */ = {isa = PBXFileReference; fileEncoding = 4; lastKnownFileType = sourcecode.c.objc; path = "UIButton+EnlargeEdge.m"; sourceTree = "<group>"; };
/* End PBXFileReference section */

/* Begin PBXFrameworksBuildPhase section */
		71F2E2EF1EE93F8E006BF1CB /* Frameworks */ = {
			isa = PBXFrameworksBuildPhase;
			buildActionMask = 2147483647;
			files = (
			);
			runOnlyForDeploymentPostprocessing = 0;
		};
/* End PBXFrameworksBuildPhase section */

/* Begin PBXGroup section */
		71F2E2E91EE93F8E006BF1CB = {
			isa = PBXGroup;
			children = (
				71F2E2F41EE93F8E006BF1CB /* Runtime */,
				71F2E2F31EE93F8E006BF1CB /* Products */,
			);
			sourceTree = "<group>";
		};
		71F2E2F31EE93F8E006BF1CB /* Products */ = {
			isa = PBXGroup;
			children = (
				71F2E2F21EE93F8E006BF1CB /* Runtime.app */,
			);
			name = Products;
			sourceTree = "<group>";
		};
		71F2E2F41EE93F8E006BF1CB /* Runtime */ = {
			isa = PBXGroup;
			children = (
				71F2E2F81EE93F8E006BF1CB /* AppDelegate.h */,
				71F2E2F91EE93F8E006BF1CB /* AppDelegate.m */,
				71F2E3121EE93FF6006BF1CB /* UIViewController+Runtime.h */,
				71F2E3131EE93FF6006BF1CB /* UIViewController+Runtime.m */,
				71F2E3151EE97A16006BF1CB /* UIControl+TouchEvent.h */,
				71F2E3161EE97A16006BF1CB /* UIControl+TouchEvent.m */,
				71F2E3181EE97C9D006BF1CB /* UIButton+EnlargeEdge.h */,
				71F2E3191EE97C9D006BF1CB /* UIButton+EnlargeEdge.m */,
				71F2E3011EE93F8E006BF1CB /* Main.storyboard */,
				71F2E3041EE93F8E006BF1CB /* Assets.xcassets */,
				71F2E3061EE93F8E006BF1CB /* LaunchScreen.storyboard */,
				71F2E3091EE93F8E006BF1CB /* Info.plist */,
				71F2E2F51EE93F8E006BF1CB /* Supporting Files */,
			);
			path = Runtime;
			sourceTree = "<group>";
		};
		71F2E2F51EE93F8E006BF1CB /* Supporting Files */ = {
			isa = PBXGroup;
			children = (
				71F2E2F61EE93F8E006BF1CB /* main.m */,
			);
			name = "Supporting Files";
			sourceTree = "<group>";
		};
/* End PBXGroup section */

/* Begin PBXNativeTarget section */
		71F2E2F11EE93F8E006BF1CB /* Runtime */ = {
			isa = PBXNativeTarget;
			buildConfigurationList = 71F2E30C1EE93F8E006BF1CB /* Build configuration list for PBXNativeTarget "Runtime" */;
			buildPhases = (
				71F2E2EE1EE93F8E006BF1CB /* Sources */,
				71F2E2EF1EE93F8E006BF1CB /* Frameworks */,
				71F2E2F01EE93F8E006BF1CB /* Resources */,
			);
			buildRules = (
			);
			dependencies = (
			);
			name = Runtime;
			productName = Runtime;
			productReference = 71F2E2F21EE93F8E006BF1CB /* Runtime.app */;
			productType = "com.apple.product-type.application";
		};
/* End PBXNativeTarget section */

/* Begin PBXProject section */
		71F2E2EA1EE93F8E006BF1CB /* Project object */ = {
			isa = PBXProject;
			attributes = {
				LastUpgradeCheck = 0830;
				ORGANIZATIONNAME = TRZX;
				TargetAttributes = {
					71F2E2F11EE93F8E006BF1CB = {
						CreatedOnToolsVersion = 8.3.2;
						DevelopmentTeam = 487PQPPTGA;
						ProvisioningStyle = Automatic;
					};
				};
			};
			buildConfigurationList = 71F2E2ED1EE93F8E006BF1CB /* Build configuration list for PBXProject "Runtime" */;
			compatibilityVersion = "Xcode 3.2";
			developmentRegion = English;
			hasScannedForEncodings = 0;
			knownRegions = (
				en,
				Base,
			);
			mainGroup = 71F2E2E91EE93F8E006BF1CB;
			productRefGroup = 71F2E2F31EE93F8E006BF1CB /* Products */;
			projectDirPath = "";
			projectRoot = "";
			targets = (
				71F2E2F11EE93F8E006BF1CB /* Runtime */,
			);
		};
/* End PBXProject section */

/* Begin PBXResourcesBuildPhase section */
		71F2E2F01EE93F8E006BF1CB /* Resources */ = {
			isa = PBXResourcesBuildPhase;
			buildActionMask = 2147483647;
			files = (
				71F2E3081EE93F8E006BF1CB /* LaunchScreen.storyboard in Resources */,
				71F2E3051EE93F8E006BF1CB /* Assets.xcassets in Resources */,
				71F2E3031EE93F8E006BF1CB /* Main.storyboard in Resources */,
			);
			runOnlyForDeploymentPostprocessing = 0;
		};
/* End PBXResourcesBuildPhase section */

/* Begin PBXSourcesBuildPhase section */
		71F2E2EE1EE93F8E006BF1CB /* Sources */ = {
			isa = PBXSourcesBuildPhase;
			buildActionMask = 2147483647;
			files = (
				71F2E31A1EE97C9D006BF1CB /* UIButton+EnlargeEdge.m in Sources */,
				71F2E2FA1EE93F8E006BF1CB /* AppDelegate.m in Sources */,
				71F2E3141EE93FF6006BF1CB /* UIViewController+Runtime.m in Sources */,
				71F2E3171EE97A16006BF1CB /* UIControl+TouchEvent.m in Sources */,
				71F2E2F71EE93F8E006BF1CB /* main.m in Sources */,
			);
			runOnlyForDeploymentPostprocessing = 0;
		};
/* End PBXSourcesBuildPhase section */

/* Begin PBXVariantGroup section */
		71F2E3011EE93F8E006BF1CB /* Main.storyboard */ = {
			isa = PBXVariantGroup;
			children = (
				71F2E3021EE93F8E006BF1CB /* Base */,
			);
			name = Main.storyboard;
			sourceTree = "<group>";
		};
		71F2E3061EE93F8E006BF1CB /* LaunchScreen.storyboard */ = {
			isa = PBXVariantGroup;
			children = (
				71F2E3071EE93F8E006BF1CB /* Base */,
			);
			name = LaunchScreen.storyboard;
			sourceTree = "<group>";
		};
/* End PBXVariantGroup section */

/* Begin XCBuildConfiguration section */
		71F2E30A1EE93F8E006BF1CB /* Debug */ = {
			isa = XCBuildConfiguration;
			buildSettings = {
				ALWAYS_SEARCH_USER_PATHS = NO;
				CLANG_ANALYZER_NONNULL = YES;
				CLANG_ANALYZER_NUMBER_OBJECT_CONVERSION = YES_AGGRESSIVE;
				CLANG_CXX_LANGUAGE_STANDARD = "gnu++0x";
				CLANG_CXX_LIBRARY = "libc++";
				CLANG_ENABLE_MODULES = YES;
				CLANG_ENABLE_OBJC_ARC = YES;
				CLANG_WARN_BOOL_CONVERSION = YES;
				CLANG_WARN_CONSTANT_CONVERSION = YES;
				CLANG_WARN_DIRECT_OBJC_ISA_USAGE = YES_ERROR;
				CLANG_WARN_DOCUMENTATION_COMMENTS = YES;
				CLANG_WARN_EMPTY_BODY = YES;
				CLANG_WARN_ENUM_CONVERSION = YES;
				CLANG_WARN_INFINITE_RECURSION = YES;
				CLANG_WARN_INT_CONVERSION = YES;
				CLANG_WARN_OBJC_ROOT_CLASS = YES_ERROR;
				CLANG_WARN_SUSPICIOUS_MOVE = YES;
				CLANG_WARN_UNREACHABLE_CODE = YES;
				CLANG_WARN__DUPLICATE_METHOD_MATCH = YES;
				"CODE_SIGN_IDENTITY[sdk=iphoneos*]" = "iPhone Developer";
				COPY_PHASE_STRIP = NO;
				DEBUG_INFORMATION_FORMAT = dwarf;
				ENABLE_STRICT_OBJC_MSGSEND = YES;
				ENABLE_TESTABILITY = YES;
				GCC_C_LANGUAGE_STANDARD = gnu99;
				GCC_DYNAMIC_NO_PIC = NO;
				GCC_NO_COMMON_BLOCKS = YES;
				GCC_OPTIMIZATION_LEVEL = 0;
				GCC_PREPROCESSOR_DEFINITIONS = (
					"DEBUG=1",
					"$(inherited)",
				);
				GCC_WARN_64_TO_32_BIT_CONVERSION = YES;
				GCC_WARN_ABOUT_RETURN_TYPE = YES_ERROR;
				GCC_WARN_UNDECLARED_SELECTOR = YES;
				GCC_WARN_UNINITIALIZED_AUTOS = YES_AGGRESSIVE;
				GCC_WARN_UNUSED_FUNCTION = YES;
				GCC_WARN_UNUSED_VARIABLE = YES;
				IPHONEOS_DEPLOYMENT_TARGET = 10.3;
				MTL_ENABLE_DEBUG_INFO = YES;
				ONLY_ACTIVE_ARCH = YES;
				SDKROOT = iphoneos;
				TARGETED_DEVICE_FAMILY = "1,2";
			};
			name = Debug;
		};
		71F2E30B1EE93F8E006BF1CB /* Release */ = {
			isa = XCBuildConfiguration;
			buildSettings = {
				ALWAYS_SEARCH_USER_PATHS = NO;
				CLANG_ANALYZER_NONNULL = YES;
				CLANG_ANALYZER_NUMBER_OBJECT_CONVERSION = YES_AGGRESSIVE;
				CLANG_CXX_LANGUAGE_STANDARD = "gnu++0x";
				CLANG_CXX_LIBRARY = "libc++";
				CLANG_ENABLE_MODULES = YES;
				CLANG_ENABLE_OBJC_ARC = YES;
				CLANG_WARN_BOOL_CONVERSION = YES;
				CLANG_WARN_CONSTANT_CONVERSION = YES;
				CLANG_WARN_DIRECT_OBJC_ISA_USAGE = YES_ERROR;
				CLANG_WARN_DOCUMENTATION_COMMENTS = YES;
				CLANG_WARN_EMPTY_BODY = YES;
				CLANG_WARN_ENUM_CONVERSION = YES;
				CLANG_WARN_INFINITE_RECURSION = YES;
				CLANG_WARN_INT_CONVERSION = YES;
				CLANG_WARN_OBJC_ROOT_CLASS = YES_ERROR;
				CLANG_WARN_SUSPICIOUS_MOVE = YES;
				CLANG_WARN_UNREACHABLE_CODE = YES;
				CLANG_WARN__DUPLICATE_METHOD_MATCH = YES;
				"CODE_SIGN_IDENTITY[sdk=iphoneos*]" = "iPhone Developer";
				COPY_PHASE_STRIP = NO;
				DEBUG_INFORMATION_FORMAT = "dwarf-with-dsym";
				ENABLE_NS_ASSERTIONS = NO;
				ENABLE_STRICT_OBJC_MSGSEND = YES;
				GCC_C_LANGUAGE_STANDARD = gnu99;
				GCC_NO_COMMON_BLOCKS = YES;
				GCC_WARN_64_TO_32_BIT_CONVERSION = YES;
				GCC_WARN_ABOUT_RETURN_TYPE = YES_ERROR;
				GCC_WARN_UNDECLARED_SELECTOR = YES;
				GCC_WARN_UNINITIALIZED_AUTOS = YES_AGGRESSIVE;
				GCC_WARN_UNUSED_FUNCTION = YES;
				GCC_WARN_UNUSED_VARIABLE = YES;
				IPHONEOS_DEPLOYMENT_TARGET = 10.3;
				MTL_ENABLE_DEBUG_INFO = NO;
				SDKROOT = iphoneos;
				TARGETED_DEVICE_FAMILY = "1,2";
				VALIDATE_PRODUCT = YES;
			};
			name = Release;
		};
		71F2E30D1EE93F8E006BF1CB /* Debug */ = {
			isa = XCBuildConfiguration;
			buildSettings = {
				ASSETCATALOG_COMPILER_APPICON_NAME = AppIcon;
				DEVELOPMENT_TEAM = 487PQPPTGA;
				INFOPLIST_FILE = Runtime/Info.plist;
				LD_RUNPATH_SEARCH_PATHS = "$(inherited) @executable_path/Frameworks";
				PRODUCT_BUNDLE_IDENTIFIER = ppx.com.Runtime;
				PRODUCT_NAME = "$(TARGET_NAME)";
			};
			name = Debug;
		};
		71F2E30E1EE93F8E006BF1CB /* Release */ = {
			isa = XCBuildConfiguration;
			buildSettings = {
				ASSETCATALOG_COMPILER_APPICON_NAME = AppIcon;
				DEVELOPMENT_TEAM = 487PQPPTGA;
				INFOPLIST_FILE = Runtime/Info.plist;
				LD_RUNPATH_SEARCH_PATHS = "$(inherited) @executable_path/Frameworks";
				PRODUCT_BUNDLE_IDENTIFIER = ppx.com.Runtime;
				PRODUCT_NAME = "$(TARGET_NAME)";
			};
			name = Release;
		};
/* End XCBuildConfiguration section */

/* Begin XCConfigurationList section */
		71F2E2ED1EE93F8E006BF1CB /* Build configuration list for PBXProject "Runtime" */ = {
			isa = XCConfigurationList;
			buildConfigurations = (
				71F2E30A1EE93F8E006BF1CB /* Debug */,
				71F2E30B1EE93F8E006BF1CB /* Release */,
			);
			defaultConfigurationIsVisible = 0;
			defaultConfigurationName = Release;
		};
		71F2E30C1EE93F8E006BF1CB /* Build configuration list for PBXNativeTarget "Runtime" */ = {
			isa = XCConfigurationList;
			buildConfigurations = (
				71F2E30D1EE93F8E006BF1CB /* Debug */,
				71F2E30E1EE93F8E006BF1CB /* Release */,
			);
			defaultConfigurationIsVisible = 0;
		};
/* End XCConfigurationList section */
	};
	rootObject = 71F2E2EA1EE93F8E006BF1CB /* Project object */;
}
